
Microsoft Visual Studio Solution File, Format Version 12.00
# Visual Studio Version 17
VisualStudioVersion = 17.13.35818.85
MinimumVisualStudioVersion = 10.0.40219.1
Project("{2150E333-8FDC-42A3-9474-1A3956D46DE8}") = "Core", "Core", "{02EA681E-C7D8-13C7-8484-4AC65E1B71E8}"
EndProject
Project("{2150E333-8FDC-42A3-9474-1A3956D46DE8}") = "PaymentService", "PaymentService", "{6201AC1F-40C7-4582-8140-5B88D74D371B}"
EndProject
Project("{2150E333-8FDC-42A3-9474-1A3956D46DE8}") = "BookingService", "BookingService", "{8FF1B730-44B3-4070-8847-E65830A74226}"
EndProject
Project("{2150E333-8FDC-42A3-9474-1A3956D46DE8}") = "Domain", "Domain", "{63236F56-D33D-45EF-A446-10E975BD97B9}"
EndProject
Project("{2150E333-8FDC-42A3-9474-1A3956D46DE8}") = "Application", "Application", "{D97C8B0B-D3F9-462E-99AC-375ED1E17960}"
EndProject
Project("{2150E333-8FDC-42A3-9474-1A3956D46DE8}") = "Adapters", "Adapters", "{5B193C8C-7557-4C9D-8C72-7DD0DF322394}"
EndProject
Project("{2150E333-8FDC-42A3-9474-1A3956D46DE8}") = "Consumers", "Consumers", "{5FD8633D-C50B-403C-B172-100607E96D17}"
EndProject
Project("{2150E333-8FDC-42A3-9474-1A3956D46DE8}") = "Tests", "Tests", "{595FFBAA-D838-4414-84B3-8267453098C0}"
EndProject
Project("{2150E333-8FDC-42A3-9474-1A3956D46DE8}") = "Domain", "Domain", "{7B67F5B8-0D07-4920-825E-7DD8D5DB9A3D}"
EndProject
Project("{2150E333-8FDC-42A3-9474-1A3956D46DE8}") = "Application", "Application", "{F9789328-1C02-4CCA-ADC7-F22ADC32DDB9}"
EndProject
Project("{2150E333-8FDC-42A3-9474-1A3956D46DE8}") = "Adapters", "Adapters", "{CFAD5F4F-F21E-427E-832B-4EBD10932E3B}"
EndProject
Project("{FAE04EC0-301F-11D3-BF4B-00C04F79EFBC}") = "Data", "BookingService\Adapters\Data\Data.csproj", "{0073577A-52EE-CA03-75BF-F46AE0637F0F}"
EndProject
Project("{FAE04EC0-301F-11D3-BF4B-00C04F79EFBC}") = "API", "BookingService\Consumers\API\API.csproj", "{1306CA51-685B-D74E-C0F3-3286E14BE342}"
EndProject
Project("{FAE04EC0-301F-11D3-BF4B-00C04F79EFBC}") = "DomainTests", "BookingService\Tests\Domain\DomainTests\DomainTests.csproj", "{CD43ED6C-2FDB-30A1-0483-E640385D734E}"
EndProject
Project("{FAE04EC0-301F-11D3-BF4B-00C04F79EFBC}") = "Application", "BookingService\Core\Application\Application.csproj", "{FD619B4E-E6DC-A2FB-E310-8B44D3B597D6}"
EndProject
Project("{FAE04EC0-301F-11D3-BF4B-00C04F79EFBC}") = "Domain", "BookingService\Core\Domain\Domain.csproj", "{BAF33E92-FFAC-E963-F35E-6060612782B7}"
EndProject
Global
	GlobalSection(SolutionConfigurationPlatforms) = preSolution
		Debug|Any CPU = Debug|Any CPU
		Release|Any CPU = Release|Any CPU
	EndGlobalSection
	GlobalSection(ProjectConfigurationPlatforms) = postSolution
		{0073577A-52EE-CA03-75BF-F46AE0637F0F}.Debug|Any CPU.ActiveCfg = Debug|Any CPU
		{0073577A-52EE-CA03-75BF-F46AE0637F0F}.Debug|Any CPU.Build.0 = Debug|Any CPU
		{0073577A-52EE-CA03-75BF-F46AE0637F0F}.Release|Any CPU.ActiveCfg = Release|Any CPU
		{0073577A-52EE-CA03-75BF-F46AE0637F0F}.Release|Any CPU.Build.0 = Release|Any CPU
		{1306CA51-685B-D74E-C0F3-3286E14BE342}.Debug|Any CPU.ActiveCfg = Debug|Any CPU
		{1306CA51-685B-D74E-C0F3-3286E14BE342}.Debug|Any CPU.Build.0 = Debug|Any CPU
		{1306CA51-685B-D74E-C0F3-3286E14BE342}.Release|Any CPU.ActiveCfg = Release|Any CPU
		{1306CA51-685B-D74E-C0F3-3286E14BE342}.Release|Any CPU.Build.0 = Release|Any CPU
		{CD43ED6C-2FDB-30A1-0483-E640385D734E}.Debug|Any CPU.ActiveCfg = Debug|Any CPU
		{CD43ED6C-2FDB-30A1-0483-E640385D734E}.Debug|Any CPU.Build.0 = Debug|Any CPU
		{CD43ED6C-2FDB-30A1-0483-E640385D734E}.Release|Any CPU.ActiveCfg = Release|Any CPU
		{CD43ED6C-2FDB-30A1-0483-E640385D734E}.Release|Any CPU.Build.0 = Release|Any CPU
		{FD619B4E-E6DC-A2FB-E310-8B44D3B597D6}.Debug|Any CPU.ActiveCfg = Debug|Any CPU
		{FD619B4E-E6DC-A2FB-E310-8B44D3B597D6}.Debug|Any CPU.Build.0 = Debug|Any CPU
		{FD619B4E-E6DC-A2FB-E310-8B44D3B597D6}.Release|Any CPU.ActiveCfg = Release|Any CPU
		{FD619B4E-E6DC-A2FB-E310-8B44D3B597D6}.Release|Any CPU.Build.0 = Release|Any CPU
		{BAF33E92-FFAC-E963-F35E-6060612782B7}.Debug|Any CPU.ActiveCfg = Debug|Any CPU
		{BAF33E92-FFAC-E963-F35E-6060612782B7}.Debug|Any CPU.Build.0 = Debug|Any CPU
		{BAF33E92-FFAC-E963-F35E-6060612782B7}.Release|Any CPU.ActiveCfg = Release|Any CPU
		{BAF33E92-FFAC-E963-F35E-6060612782B7}.Release|Any CPU.Build.0 = Release|Any CPU
	EndGlobalSection
	GlobalSection(SolutionProperties) = preSolution
		HideSolutionNode = FALSE
	EndGlobalSection
	GlobalSection(NestedProjects) = preSolution
		{02EA681E-C7D8-13C7-8484-4AC65E1B71E8} = {8FF1B730-44B3-4070-8847-E65830A74226}
		{63236F56-D33D-45EF-A446-10E975BD97B9} = {02EA681E-C7D8-13C7-8484-4AC65E1B71E8}
		{D97C8B0B-D3F9-462E-99AC-375ED1E17960} = {02EA681E-C7D8-13C7-8484-4AC65E1B71E8}
		{5B193C8C-7557-4C9D-8C72-7DD0DF322394} = {8FF1B730-44B3-4070-8847-E65830A74226}
		{5FD8633D-C50B-403C-B172-100607E96D17} = {8FF1B730-44B3-4070-8847-E65830A74226}
		{595FFBAA-D838-4414-84B3-8267453098C0} = {8FF1B730-44B3-4070-8847-E65830A74226}
		{7B67F5B8-0D07-4920-825E-7DD8D5DB9A3D} = {595FFBAA-D838-4414-84B3-8267453098C0}
		{F9789328-1C02-4CCA-ADC7-F22ADC32DDB9} = {595FFBAA-D838-4414-84B3-8267453098C0}
		{CFAD5F4F-F21E-427E-832B-4EBD10932E3B} = {595FFBAA-D838-4414-84B3-8267453098C0}
		{0073577A-52EE-CA03-75BF-F46AE0637F0F} = {5B193C8C-7557-4C9D-8C72-7DD0DF322394}
		{1306CA51-685B-D74E-C0F3-3286E14BE342} = {5FD8633D-C50B-403C-B172-100607E96D17}
		{CD43ED6C-2FDB-30A1-0483-E640385D734E} = {7B67F5B8-0D07-4920-825E-7DD8D5DB9A3D}
		{FD619B4E-E6DC-A2FB-E310-8B44D3B597D6} = {D97C8B0B-D3F9-462E-99AC-375ED1E17960}
		{BAF33E92-FFAC-E963-F35E-6060612782B7} = {63236F56-D33D-45EF-A446-10E975BD97B9}
	EndGlobalSection
	GlobalSection(ExtensibilityGlobals) = postSolution
		SolutionGuid = {13227254-D1D9-4B08-A75B-304BAEF55B3E}
	EndGlobalSection
EndGlobal
